github.com/strongo/slice v0.3.1 h1:VWkyYBgcVJn6Hs7wYhL9Vxwgb7V3zQAUFTBV9wo5lc4=
github.com/strongo/slice v0.3.1/go.mod h1:B5ODKCkl0rp2oiG0UBqkN1cCOrSCU2cUuhqCM1sC8r4=
github.com/strongo/validation v0.0.7 h1:gs6YkwPsYtVsepQaQOB+ZF+T0Gu5+nk4ZMND8F85e+U=
github.com/strongo/validation v0.0.7/go.mod h1:YUwoPEItLJd/Bc9X1OCUm03ofhvm3kwZvuihU7/jz58=
github.com/strongo/validation v0.0.8 h1:LL3FODf1MTOROKa8fHJuwYxiKHcvd1W2Vs0OXc1H46U=
github.com/strongo/validation v0.0.8/go.mod h1:YUwoPEItLJd/Bc9X1OCUm03ofhvm3kwZvuihU7/jz58=
